
Microsoft Visual Studio Solution File, Format Version 9.00
# Visual Studio 2005
Project("{54435603-DBB4-11D2-8724-00A0C9A8B90C}") = "Reporting", "Reporting.vdproj", "{A20AFE0E-961F-489E-AA95-0940C1019FF8}"
EndProject
Global
	GlobalSection(SourceCodeControl) = preSolution
		SccNumberOfProjects = 2
		SccProjectName0 = \u0022$/VLA21/Reporting.root/Reporting\u0022,\u0020VGNAAAAA
		SccLocalPath0 = ..\\..\\..\\..
		SccProvider0 = MSSCCI:Microsoft\u0020Visual\u0020SourceSafe
		SccProjectFilePathRelativizedFromConnection0 = Projects\\VLA\\VLA21\\Reporting\\
		SccProjectUniqueName1 = Reporting.vdproj
		SccLocalPath1 = ..\\..\\..\\..
		SccProjectFilePathRelativizedFromConnection1 = Projects\\VLA\\VLA21\\Reporting\\
	EndGlobalSection
	GlobalSection(SolutionConfigurationPlatforms) = preSolution
		Debug|Default = Debug|Default
		Release|Default = Release|Default
	EndGlobalSection
	GlobalSection(ProjectConfigurationPlatforms) = postSolution
		{A20AFE0E-961F-489E-AA95-0940C1019FF8}.Debug|Default.ActiveCfg = Debug
		{A20AFE0E-961F-489E-AA95-0940C1019FF8}.Debug|Default.Build.0 = Debug
		{A20AFE0E-961F-489E-AA95-0940C1019FF8}.Release|Default.ActiveCfg = Release
		{A20AFE0E-961F-489E-AA95-0940C1019FF8}.Release|Default.Build.0 = Release
	EndGlobalSection
	GlobalSection(SolutionProperties) = preSolution
		HideSolutionNode = FALSE
	EndGlobalSection
EndGlobal
